
Microsoft Visual Studio Solution File, Format Version 12.00
# Visual Studio 15
VisualStudioVersion = 15.0.26124.0
MinimumVisualStudioVersion = 15.0.26124.0
Project("{FAE04EC0-301F-11D3-BF4B-00C04F79EFBC}") = "AwesomeLibrary.Core", "AwesomeLibrary.Core\AwesomeLibrary.Core.csproj", "{5C360C1A-612D-4D1F-A678-B8AADEB4208F}"
EndProject
Project("{FAE04EC0-301F-11D3-BF4B-00C04F79EFBC}") = "AwesomeLibrary.CSharp", "AwesomeLibrary.CSharp\AwesomeLibrary.CSharp.csproj", "{255C00AE-7142-4886-BEDE-F1C2EDB10DB9}"
EndProject
Project("{F2A71F9B-5D33-465A-A702-920D77279786}") = "AwesomeLibrary.FSharp", "AwesomeLibrary.FSharp\AwesomeLibrary.FSharp.fsproj", "{366EFA33-374A-4B6E-AA46-CF62CD10626D}"
EndProject
Global
	GlobalSection(SolutionConfigurationPlatforms) = preSolution
		Debug|Any CPU = Debug|Any CPU
		Debug|x64 = Debug|x64
		Debug|x86 = Debug|x86
		Release|Any CPU = Release|Any CPU
		Release|x64 = Release|x64
		Release|x86 = Release|x86
	EndGlobalSection
	GlobalSection(SolutionProperties) = preSolution
		HideSolutionNode = FALSE
	EndGlobalSection
	GlobalSection(ProjectConfigurationPlatforms) = postSolution
		{5C360C1A-612D-4D1F-A678-B8AADEB4208F}.Debug|Any CPU.ActiveCfg = Debug|Any CPU
		{5C360C1A-612D-4D1F-A678-B8AADEB4208F}.Debug|Any CPU.Build.0 = Debug|Any CPU
		{5C360C1A-612D-4D1F-A678-B8AADEB4208F}.Debug|x64.ActiveCfg = Debug|Any CPU
		{5C360C1A-612D-4D1F-A678-B8AADEB4208F}.Debug|x64.Build.0 = Debug|Any CPU
		{5C360C1A-612D-4D1F-A678-B8AADEB4208F}.Debug|x86.ActiveCfg = Debug|Any CPU
		{5C360C1A-612D-4D1F-A678-B8AADEB4208F}.Debug|x86.Build.0 = Debug|Any CPU
		{5C360C1A-612D-4D1F-A678-B8AADEB4208F}.Release|Any CPU.ActiveCfg = Release|Any CPU
		{5C360C1A-612D-4D1F-A678-B8AADEB4208F}.Release|Any CPU.Build.0 = Release|Any CPU
		{5C360C1A-612D-4D1F-A678-B8AADEB4208F}.Release|x64.ActiveCfg = Release|Any CPU
		{5C360C1A-612D-4D1F-A678-B8AADEB4208F}.Release|x64.Build.0 = Release|Any CPU
		{5C360C1A-612D-4D1F-A678-B8AADEB4208F}.Release|x86.ActiveCfg = Release|Any CPU
		{5C360C1A-612D-4D1F-A678-B8AADEB4208F}.Release|x86.Build.0 = Release|Any CPU
		{255C00AE-7142-4886-BEDE-F1C2EDB10DB9}.Debug|Any CPU.ActiveCfg = Debug|Any CPU
		{255C00AE-7142-4886-BEDE-F1C2EDB10DB9}.Debug|Any CPU.Build.0 = Debug|Any CPU
		{255C00AE-7142-4886-BEDE-F1C2EDB10DB9}.Debug|x64.ActiveCfg = Debug|Any CPU
		{255C00AE-7142-4886-BEDE-F1C2EDB10DB9}.Debug|x64.Build.0 = Debug|Any CPU
		{255C00AE-7142-4886-BEDE-F1C2EDB10DB9}.Debug|x86.ActiveCfg = Debug|Any CPU
		{255C00AE-7142-4886-BEDE-F1C2EDB10DB9}.Debug|x86.Build.0 = Debug|Any CPU
		{255C00AE-7142-4886-BEDE-F1C2EDB10DB9}.Release|Any CPU.ActiveCfg = Release|Any CPU
		{255C00AE-7142-4886-BEDE-F1C2EDB10DB9}.Release|Any CPU.Build.0 = Release|Any CPU
		{255C00AE-7142-4886-BEDE-F1C2EDB10DB9}.Release|x64.ActiveCfg = Release|Any CPU
		{255C00AE-7142-4886-BEDE-F1C2EDB10DB9}.Release|x64.Build.0 = Release|Any CPU
		{255C00AE-7142-4886-BEDE-F1C2EDB10DB9}.Release|x86.ActiveCfg = Release|Any CPU
		{255C00AE-7142-4886-BEDE-F1C2EDB10DB9}.Release|x86.Build.0 = Release|Any CPU
		{366EFA33-374A-4B6E-AA46-CF62CD10626D}.Debug|Any CPU.ActiveCfg = Debug|Any CPU
		{366EFA33-374A-4B6E-AA46-CF62CD10626D}.Debug|Any CPU.Build.0 = Debug|Any CPU
		{366EFA33-374A-4B6E-AA46-CF62CD10626D}.Debug|x64.ActiveCfg = Debug|Any CPU
		{366EFA33-374A-4B6E-AA46-CF62CD10626D}.Debug|x64.Build.0 = Debug|Any CPU
		{366EFA33-374A-4B6E-AA46-CF62CD10626D}.Debug|x86.ActiveCfg = Debug|Any CPU
		{366EFA33-374A-4B6E-AA46-CF62CD10626D}.Debug|x86.Build.0 = Debug|Any CPU
		{366EFA33-374A-4B6E-AA46-CF62CD10626D}.Release|Any CPU.ActiveCfg = Release|Any CPU
		{366EFA33-374A-4B6E-AA46-CF62CD10626D}.Release|Any CPU.Build.0 = Release|Any CPU
		{366EFA33-374A-4B6E-AA46-CF62CD10626D}.Release|x64.ActiveCfg = Release|Any CPU
		{366EFA33-374A-4B6E-AA46-CF62CD10626D}.Release|x64.Build.0 = Release|Any CPU
		{366EFA33-374A-4B6E-AA46-CF62CD10626D}.Release|x86.ActiveCfg = Release|Any CPU
		{366EFA33-374A-4B6E-AA46-CF62CD10626D}.Release|x86.Build.0 = Release|Any CPU
	EndGlobalSection
EndGlobal
