
Microsoft Visual Studio Solution File, Format Version 12.00
# Visual Studio 15
VisualStudioVersion = 15.0.26730.16
MinimumVisualStudioVersion = 10.0.40219.1
Project("{FAE04EC0-301F-11D3-BF4B-00C04F79EFBC}") = "MVCBasic01", "MVCBasic01\MVCBasic01.csproj", "{4B02964F-4403-4465-9F4A-934CA13D1E26}"
EndProject
Project("{FAE04EC0-301F-11D3-BF4B-00C04F79EFBC}") = "MVCBasic01.Tests", "MVCBasic01.Tests\MVCBasic01.Tests.csproj", "{90EECF79-1CC3-4299-B859-18527712AD4A}"
EndProject
Global
	GlobalSection(SolutionConfigurationPlatforms) = preSolution
		Debug|Any CPU = Debug|Any CPU
		Release|Any CPU = Release|Any CPU
	EndGlobalSection
	GlobalSection(ProjectConfigurationPlatforms) = postSolution
		{4B02964F-4403-4465-9F4A-934CA13D1E26}.Debug|Any CPU.ActiveCfg = Debug|Any CPU
		{4B02964F-4403-4465-9F4A-934CA13D1E26}.Debug|Any CPU.Build.0 = Debug|Any CPU
		{4B02964F-4403-4465-9F4A-934CA13D1E26}.Release|Any CPU.ActiveCfg = Release|Any CPU
		{4B02964F-4403-4465-9F4A-934CA13D1E26}.Release|Any CPU.Build.0 = Release|Any CPU
		{90EECF79-1CC3-4299-B859-18527712AD4A}.Debug|Any CPU.ActiveCfg = Debug|Any CPU
		{90EECF79-1CC3-4299-B859-18527712AD4A}.Debug|Any CPU.Build.0 = Debug|Any CPU
		{90EECF79-1CC3-4299-B859-18527712AD4A}.Release|Any CPU.ActiveCfg = Release|Any CPU
		{90EECF79-1CC3-4299-B859-18527712AD4A}.Release|Any CPU.Build.0 = Release|Any CPU
	EndGlobalSection
	GlobalSection(SolutionProperties) = preSolution
		HideSolutionNode = FALSE
	EndGlobalSection
	GlobalSection(ExtensibilityGlobals) = postSolution
		SolutionGuid = {20ACF1F8-E0AB-4437-A184-5EE5A95FA491}
	EndGlobalSection
EndGlobal
